
Microsoft Visual Studio Solution File, Format Version 12.00
# Visual Studio Version 17
VisualStudioVersion = 17.10.35027.167
MinimumVisualStudioVersion = 10.0.40219.1
Project("{FAE04EC0-301F-11D3-BF4B-00C04F79EFBC}") = "Empty_Asp.Net", "Empty_Asp.Net\Empty_Asp.Net.csproj", "{39175B5E-DCFE-40FD-A0BF-B4B9400F4FD3}"
EndProject
Global
	GlobalSection(SolutionConfigurationPlatforms) = preSolution
		Debug|Any CPU = Debug|Any CPU
		Release|Any CPU = Release|Any CPU
	EndGlobalSection
	GlobalSection(ProjectConfigurationPlatforms) = postSolution
		{39175B5E-DCFE-40FD-A0BF-B4B9400F4FD3}.Debug|Any CPU.ActiveCfg = Debug|Any CPU
		{39175B5E-DCFE-40FD-A0BF-B4B9400F4FD3}.Debug|Any CPU.Build.0 = Debug|Any CPU
		{39175B5E-DCFE-40FD-A0BF-B4B9400F4FD3}.Release|Any CPU.ActiveCfg = Release|Any CPU
		{39175B5E-DCFE-40FD-A0BF-B4B9400F4FD3}.Release|Any CPU.Build.0 = Release|Any CPU
	EndGlobalSection
	GlobalSection(SolutionProperties) = preSolution
		HideSolutionNode = FALSE
	EndGlobalSection
	GlobalSection(ExtensibilityGlobals) = postSolution
		SolutionGuid = {B2A7D0DB-CC54-41AD-860F-D5B34A644BD8}
	EndGlobalSection
EndGlobal
